{
    "_readme": [
        "This file locks the dependencies of your project to a known state",
        "Read more about it at https://getcomposer.org/doc/01-basic-usage.md#installing-dependencies",
        "This file is @generated automatically"
    ],
    "content-hash": "8be3fec76a27c45a4bf9c51a99f497b1",
    "packages": [
        {
            "name": "davedevelopment/stiphle",
            "version": "0.9.2",
            "source": {
                "type": "git",
                "url": "https://github.com/davedevelopment/stiphle.git",
                "reference": "76151e6474741adee258c1a4860a0460e319563b"
            },
            "dist": {
                "type": "zip",
                "url": "https://api.github.com/repos/davedevelopment/stiphle/zipball/76151e6474741adee258c1a4860a0460e319563b",
                "reference": "76151e6474741adee258c1a4860a0460e319563b",
                "shasum": ""
            },
            "require": {
                "php": ">=5.3.1"
            },
            "require-dev": {
                "phpunit/phpunit": "^5.5",
                "predis/predis": "^1.1"
            },
            "suggest": {
                "doctrine/cache": "~1.0",
                "predis/predis": "~1.1"
            },
            "type": "library",
            "autoload": {
                "psr-0": {
                    "Stiphle": "src/"
                }
            },
            "notification-url": "https://packagist.org/downloads/",
            "license": [
                "MIT"
            ],
            "authors": [
                {
                    "name": "Dave Marshall",
                    "email": "dave.marshall@atstsolutions.co.uk",
                    "homepage": "http://davedevelopment.co.uk"
                }
            ],
            "description": "Simple rate limiting/throttling for php",
            "homepage": "http://github.com/davedevelopment/stiphle",
            "keywords": [
                "rate limit",
                "rate limiting",
                "throttle",
                "throttling"
            ],
            "time": "2017-08-16T07:58:18+00:00"
        }
    ],
    "packages-dev": [],
    "aliases": [],
    "minimum-stability": "stable",
    "stability-flags": [],
    "prefer-stable": false,
    "prefer-lowest": false,
    "platform": [],
    "platform-dev": []
}
